# THIS IS AN AUTOGENERATED FILE. DO NOT EDIT THIS FILE DIRECTLY.
# yarn lockfile v1


immutability-helper@^3.1.1:
  version "3.1.1"
  resolved "https://registry.yarnpkg.com/immutability-helper/-/immutability-helper-3.1.1.tgz#2b86b2286ed3b1241c9e23b7b21e0444f52f77b7"
  integrity sha512-Q0QaXjPjwIju/28TsugCHNEASwoCcJSyJV3uO1sOIQGI0jKgm9f41Lvz0DZj3n46cNCyAZTsEYoY4C2bVRUzyQ==
