# THIS IS AN AUTOGENERATED FILE. DO NOT EDIT THIS FILE DIRECTLY.
# yarn lockfile v1


"@babel/runtime-corejs2@^7.4.5":
  version "7.14.8"
  resolved "https://registry.yarnpkg.com/@babel/runtime-corejs2/-/runtime-corejs2-7.14.8.tgz#d61c66727b998c57a170fd1d2ef885aac3ec9c27"
  integrity sha512-Jj4fkQPFp73ia9y6BctEX5ypA1icbOVPtc9l0T1VnAv8EmzaN/Lm/WvnKNve1610VvHV69SLihpu9tHnVziBvw==
  dependencies:
    core-js "^2.6.5"
    regenerator-runtime "^0.13.4"

ajv@^6.7.0:
  version "6.12.6"
  resolved "https://registry.yarnpkg.com/ajv/-/ajv-6.12.6.tgz#baf5a62e802b07d977034586f8c3baf5adf26df4"
  integrity sha512-j3fVLgvTo527anyYyJOGTYJbG+vnnQYvE0m5mmkc1TK+nxAppkCLMIL0aZ4dblVCNoGShhm+kzE4ZUykBoMg4g==
  dependencies:
    fast-deep-equal "^3.1.1"
    fast-json-stable-stringify "^2.0.0"
    json-schema-traverse "^0.4.1"
    uri-js "^4.2.2"

brackets2dots@^1.1.0:
  version "1.1.0"
  resolved "https://registry.yarnpkg.com/brackets2dots/-/brackets2dots-1.1.0.tgz#3f3d40375fc660ce0fd004fa27d67b34f9469ac3"
  integrity sha1-Pz1AN1/GYM4P0AT6J9Z7NPlGmsM=

core-js@^2.5.7, core-js@^2.6.5:
  version "2.6.12"
  resolved "https://registry.yarnpkg.com/core-js/-/core-js-2.6.12.tgz#d9333dfa7b065e347cc5682219d6f690859cc2ec"
  integrity sha512-Kb2wC0fvsWfQrgk8HU5lW6U/Lcs8+9aaYcy4ZFc6DDlo4nZ7n70dEgE5rtR0oG6ufKDUnrwfWL1mXR5ljDatrQ==

curry2@^1.0.0:
  version "1.0.3"
  resolved "https://registry.yarnpkg.com/curry2/-/curry2-1.0.3.tgz#38191d55f1060bfea47ca08009385bb878f6612f"
  integrity sha1-OBkdVfEGC/6kfKCACThbuHj2YS8=
  dependencies:
    fast-bind "^1.0.0"

debug@^2.5.2:
  version "2.6.9"
  resolved "https://registry.yarnpkg.com/debug/-/debug-2.6.9.tgz#5d128515df134ff327e90a4c93f4e077a536341f"
  integrity sha512-bC7ElrdJaJnPbAP+1EotYvqZsb3ecl5wi6Bfi6BJTUcNowp6cvspg0jXznRTKDjm/E7AdgFBVeAPVMNcKGsHMA==
  dependencies:
    ms "2.0.0"

deep-equal@1.0.1:
  version "1.0.1"
  resolved "https://registry.yarnpkg.com/deep-equal/-/deep-equal-1.0.1.tgz#f5d260292b660e084eff4cdbc9f08ad3247448b5"
  integrity sha1-9dJgKStmDghO/0zbyfCK0yR0SLU=

deepcopy@^0.6.3:
  version "0.6.3"
  resolved "https://registry.yarnpkg.com/deepcopy/-/deepcopy-0.6.3.tgz#634780f2f8656ab771af8fa8431ed1ccee55c7b0"
  integrity sha1-Y0eA8vhlardxr4+oQx7RzO5Vx7A=

dotsplit.js@^1.0.3:
  version "1.1.0"
  resolved "https://registry.yarnpkg.com/dotsplit.js/-/dotsplit.js-1.1.0.tgz#25a239eabe922a91ffa5d2a172d6c9fb82451e02"
  integrity sha1-JaI56r6SKpH/pdKhctbJ+4JFHgI=

fast-bind@^1.0.0:
  version "1.0.0"
  resolved "https://registry.yarnpkg.com/fast-bind/-/fast-bind-1.0.0.tgz#7fa9652cb3325f5cd1e252d6cb4f160de1a76e75"
  integrity sha1-f6llLLMyX1zR4lLWy08WDeGnbnU=

fast-deep-equal@^3.1.1:
  version "3.1.3"
  resolved "https://registry.yarnpkg.com/fast-deep-equal/-/fast-deep-equal-3.1.3.tgz#3a7d56b559d6cbc3eb512325244e619a65c6c525"
  integrity sha512-f3qQ9oQy9j2AhBe/H9VC91wLmKBCCU/gDOnKNAYG5hswO7BLKj09Hc5HYNz9cGI++xlpDCIgDaitVs03ATR84Q==

fast-json-stable-stringify@^2.0.0:
  version "2.1.0"
  resolved "https://registry.yarnpkg.com/fast-json-stable-stringify/-/fast-json-stable-stringify-2.1.0.tgz#874bf69c6f404c2b5d99c481341399fd55892633"
  integrity sha512-lhd/wF+Lk98HZoTCtlVraHtfh5XYijIjalXck7saUtuanSDyLMxnHhSXEDJqHxD7msR8D0uCmqlkwjCV8xvwHw==

"js-tokens@^3.0.0 || ^4.0.0":
  version "4.0.0"
  resolved "https://registry.yarnpkg.com/js-tokens/-/js-tokens-4.0.0.tgz#19203fb59991df98e3a287050d4647cdeaf32499"
  integrity sha512-RdJUflcE3cUzKiMqQgsCu06FPu9UdIJO0beYbPhHN4k6apgJtifcoCtT9bcxOpYBtpD2kCM6Sbzg4CausW/PKQ==

json-rules-engine-simplified@^0.1.17:
  version "0.1.17"
  resolved "https://registry.yarnpkg.com/json-rules-engine-simplified/-/json-rules-engine-simplified-0.1.17.tgz#f66ec1eaff135eaf7bd19a726177c6f9dcdad674"
  integrity sha512-02Di/9NtC0vBvV/cnWCybQmNNWuXDaxDbRszIGDiwc4nJasCVVz2YsTCR9VCmFsovh/GBwvj5NoQjGN/FiZ04A==
  dependencies:
    deep-equal "1.0.1"
    predicate "1.2.0"
    selectn "1.1.2"

json-schema-traverse@^0.4.1:
  version "0.4.1"
  resolved "https://registry.yarnpkg.com/json-schema-traverse/-/json-schema-traverse-0.4.1.tgz#69f6a87d9513ab8bb8fe63bdb0979c448e684660"
  integrity sha512-xbbCH5dCYU5T8LcEhhuh7HJ88HXuW3qsI3Y0zOZFKfZEHcpWiHU/Jxzk629Brsab/mMiHQti9wMP+845RPe3Vg==

lodash@^4.17.15:
  version "4.17.21"
  resolved "https://registry.yarnpkg.com/lodash/-/lodash-4.17.21.tgz#679591c564c3bffaae8454cf0b3df370c3d6911c"
  integrity sha512-v2kDEe57lecTulaDIuNTPy3Ry4gLGJ6Z1O3vE1krgXZNrsQ+LFTGHVxVjcXPs17LhbZVGedAJv8XZ1tvj5FvSg==

loose-envify@^1.4.0:
  version "1.4.0"
  resolved "https://registry.yarnpkg.com/loose-envify/-/loose-envify-1.4.0.tgz#71ee51fa7be4caec1a63839f7e682d8132d30caf"
  integrity sha512-lyuxPGr/Wfhrlem2CL/UcnUc1zcqKAImBDzukY7Y5F/yQiNdko6+fRLevlw1HgMySw7f611UIY408EtxRSoK3Q==
  dependencies:
    js-tokens "^3.0.0 || ^4.0.0"

ms@2.0.0:
  version "2.0.0"
  resolved "https://registry.yarnpkg.com/ms/-/ms-2.0.0.tgz#5608aeadfc00be6c2901df5f9861788de0d597c8"
  integrity sha1-VgiurfwAvmwpAd9fmGF4jeDVl8g=

nanoid@^2.1.0:
  version "2.1.11"
  resolved "https://registry.yarnpkg.com/nanoid/-/nanoid-2.1.11.tgz#ec24b8a758d591561531b4176a01e3ab4f0f0280"
  integrity sha512-s/snB+WGm6uwi0WjsZdaVcuf3KJXlfGl2LcxgwkEwJF0D/BWzVWAZW/XY4bFaiR7s0Jk3FPvlnepg1H1b1UwlA==

object-assign@^4.1.1:
  version "4.1.1"
  resolved "https://registry.yarnpkg.com/object-assign/-/object-assign-4.1.1.tgz#2109adc7965887cfc05cbbd442cac8bfbb360863"
  integrity sha1-IQmtx5ZYh8/AXLvUQsrIv7s2CGM=

predicate@1.2.0:
  version "1.2.0"
  resolved "https://registry.yarnpkg.com/predicate/-/predicate-1.2.0.tgz#d736536e829808a2e00ae50fd09fd4102d64254e"
  integrity sha1-1zZTboKYCKLgCuUP0J/UEC1kJU4=

prop-types@^15.5.8:
  version "15.7.2"
  resolved "https://registry.yarnpkg.com/prop-types/-/prop-types-15.7.2.tgz#52c41e75b8c87e72b9d9360e0206b99dcbffa6c5"
  integrity sha512-8QQikdH7//R2vurIJSutZ1smHYTcLpRWEOlHnzcWHmBYrOGUysKwSsrC89BCiFj3CbrfJ/nXFdJepOVrY1GCHQ==
  dependencies:
    loose-envify "^1.4.0"
    object-assign "^4.1.1"
    react-is "^16.8.1"

punycode@^2.1.0:
  version "2.1.1"
  resolved "https://registry.yarnpkg.com/punycode/-/punycode-2.1.1.tgz#b58b010ac40c22c5657616c8d2c2c02c7bf479ec"
  integrity sha512-XRsRjdf+j5ml+y/6GKHPZbrF/8p2Yga0JPtdqTIY2Xe5ohJPD9saDJJLPvp9+NSBprVvevdXZybnj2cv8OEd0A==

react-is@^16.8.1, react-is@^16.8.4:
  version "16.13.1"
  resolved "https://registry.yarnpkg.com/react-is/-/react-is-16.13.1.tgz#789729a4dc36de2999dc156dd6c1d9c18cea56a4"
  integrity sha512-24e6ynE2H+OKt4kqsOvNd8kBpV65zoxbA4BVsEOB3ARVWQki/DHzaUoC5KuON/BiccDaCCTZBuOcfZs70kR8bQ==

react-jsonschema-form-conditionals@^0.3.15:
  version "0.3.15"
  resolved "https://registry.yarnpkg.com/react-jsonschema-form-conditionals/-/react-jsonschema-form-conditionals-0.3.15.tgz#eecb147f43f6b83cc218ba34b6e41db747490425"
  integrity sha512-ajCnCV8V1oZCNnMGzwQAbo5n+g4MQfagGXE3AZrmwXGoMYn9tJiO4DFOxMTpglLuVK5KyN7ZRrsn7/0de/cZkA==
  dependencies:
    deepcopy "^0.6.3"
    selectn "^1.1.2"

react-jsonschema-form@^1.8.1:
  version "1.8.1"
  resolved "https://registry.yarnpkg.com/react-jsonschema-form/-/react-jsonschema-form-1.8.1.tgz#9c962f29a55b3fe071d8edf2fc3430f05f1b7ed9"
  integrity sha512-aaDloxNAcGXOOOcdKOxxqEEn5oDlPUZgWcs8unXXB9vjBRgCF8rCm/wVSv1u2G5ih0j/BX6Ewd/WjI2g00lPdg==
  dependencies:
    "@babel/runtime-corejs2" "^7.4.5"
    ajv "^6.7.0"
    core-js "^2.5.7"
    lodash "^4.17.15"
    prop-types "^15.5.8"
    react-is "^16.8.4"
    react-lifecycles-compat "^3.0.4"
    shortid "^2.2.14"

react-lifecycles-compat@^3.0.4:
  version "3.0.4"
  resolved "https://registry.yarnpkg.com/react-lifecycles-compat/-/react-lifecycles-compat-3.0.4.tgz#4f1a273afdfc8f3488a8c516bfda78f872352362"
  integrity sha512-fBASbA6LnOU9dOU2eW7aQ8xmYBSXUIWr+UmF9b1efZBazGNO+rcXT/icdKnYm2pTwcRylVUYwW7H1PHfLekVzA==

regenerator-runtime@^0.13.4:
  version "0.13.9"
  resolved "https://registry.yarnpkg.com/regenerator-runtime/-/regenerator-runtime-0.13.9.tgz#8925742a98ffd90814988d7566ad30ca3b263b52"
  integrity sha512-p3VT+cOEgxFsRRA9X4lkI1E+k2/CtnKtU4gcxyaCUreilL/vqI6CdZ3wxVUx3UOUg+gnUOQQcRI7BmSI656MYA==

selectn@1.1.2, selectn@^1.1.2:
  version "1.1.2"
  resolved "https://registry.yarnpkg.com/selectn/-/selectn-1.1.2.tgz#fc8acd91df3f45acb01891c6773ae529851d6b17"
  integrity sha1-/IrNkd8/RaywGJHGdzrlKYUdaxc=
  dependencies:
    brackets2dots "^1.1.0"
    curry2 "^1.0.0"
    debug "^2.5.2"
    dotsplit.js "^1.0.3"

shortid@^2.2.14:
  version "2.2.16"
  resolved "https://registry.yarnpkg.com/shortid/-/shortid-2.2.16.tgz#b742b8f0cb96406fd391c76bfc18a67a57fe5608"
  integrity sha512-Ugt+GIZqvGXCIItnsL+lvFJOiN7RYqlGy7QE41O3YC1xbNSeDGIRO7xg2JJXIAj1cAGnOeC1r7/T9pgrtQbv4g==
  dependencies:
    nanoid "^2.1.0"

uri-js@^4.2.2:
  version "4.4.1"
  resolved "https://registry.yarnpkg.com/uri-js/-/uri-js-4.4.1.tgz#9b1a52595225859e55f669d928f88c6c57f2a77e"
  integrity sha512-7rKUyy33Q1yc98pQ1DAmLtwX109F7TIfWlW1Ydo8Wl1ii1SeHieeh0HHfPeL2fMXK6z0s8ecKs9frCuLJvndBg==
  dependencies:
    punycode "^2.1.0"
