# THIS IS AN AUTOGENERATED FILE. DO NOT EDIT THIS FILE DIRECTLY.
# yarn lockfile v1


"@babel/runtime@^7.1.2", "@babel/runtime@^7.10.2", "@babel/runtime@^7.12.1", "@babel/runtime@^7.12.13", "@babel/runtime@^7.13.10", "@babel/runtime@^7.15.4", "@babel/runtime@^7.9.2":
  version "7.16.7"
  resolved "https://registry.yarnpkg.com/@babel/runtime/-/runtime-7.16.7.tgz#03ff99f64106588c9c403c6ecb8c3bafbbdff1fa"
  integrity sha512-9E9FJowqAsytyOY6LG+1KuueckRL+aQW+mKvXRXnuFGyRAyepJPmEo9vgMfXUA6O9u3IeEdv9MAkppFcaQwogQ==
  dependencies:
    regenerator-runtime "^0.13.4"

"@bubbles-ui/components@^1.0.26":
  version "1.0.27"
  resolved "https://registry.yarnpkg.com/@bubbles-ui/components/-/components-1.0.27.tgz#22427680da4818e0370529935ba932cf6f0a972a"
  integrity sha512-N1Ln0NDwt7b8j/0yr4U4rNa2LEKl26tY39n+0hLoLuHEa1Iqn9TXi/c2hu4XMFFUJbqrePkYinyX64G6wf4AMg==
  dependencies:
    "@bubbles-ui/icons" "^1.0.10"
    "@heroicons/react" "^1.0.5"
    "@leemonade/react-dnd-treeview" "^1.5.44"
    "@mantine/core" "^4.0.5"
    "@mantine/dates" "^4.0.5"
    "@mantine/dropzone" "^4.0.5"
    "@mantine/hooks" "^4.0.5"
    "@mantine/modals" "^4.0.5"
    "@yaireo/tagify" "^4.9.4"
    colord "^2.9.2"
    dayjs "^1.10.7"
    immutability-helper "^3.1.1"
    lodash "^4.17.21"
    macy "^2.5.1"
    namor "^2.0.3"
    prop-types "^15.7.2"
    react-beautiful-dnd "^13.1.0"
    react-dnd "^14.0.5"
    react-dnd-html5-backend "^14.1.0"
    react-helmet "^6.1.0"
    react-hook-form "^7.22.1"
    react-multiline-clamp "^2.0.0"
    react-router-dom "^5.3.0"
    react-table "^7.7.0"
    simplebar-react "^2.3.6"
    uuid "^8.3.2"

"@bubbles-ui/icons@^1.0.10":
  version "1.0.10"
  resolved "https://registry.yarnpkg.com/@bubbles-ui/icons/-/icons-1.0.10.tgz#a777882b7efe9f1651d78881e66e5edb7c36cfa4"
  integrity sha512-XjntMDvbMg9pc4J/UqfBGNpOvSgxTkbRER2yduJ3EcAkAbBWE02atFzxAg5qGZwqpr6/suhg+sQZentD1AmVPQ==

"@bubbles-ui/icons@^1.0.24":
  version "1.0.24"
  resolved "https://registry.yarnpkg.com/@bubbles-ui/icons/-/icons-1.0.24.tgz#24115b725131f94323c44578b15775a028f25557"
  integrity sha512-DI4g9qT2lWaqrPjB/GNPvel8VbovwONbAVPGpzarN4feZ3gKIfol+8yo4JGAM4pt/kF7ObuK+eToC0aBAEvvyw==

"@emotion/cache@^11.7.1":
  version "11.7.1"
  resolved "https://registry.yarnpkg.com/@emotion/cache/-/cache-11.7.1.tgz#08d080e396a42e0037848214e8aa7bf879065539"
  integrity sha512-r65Zy4Iljb8oyjtLeCuBH8Qjiy107dOYC6SJq7g7GV5UCQWMObY4SJDPGFjiiVpPrOJ2hmJOoBiYTC7hwx9E2A==
  dependencies:
    "@emotion/memoize" "^0.7.4"
    "@emotion/sheet" "^1.1.0"
    "@emotion/utils" "^1.0.0"
    "@emotion/weak-memoize" "^0.2.5"
    stylis "4.0.13"

"@emotion/hash@^0.8.0":
  version "0.8.0"
  resolved "https://registry.yarnpkg.com/@emotion/hash/-/hash-0.8.0.tgz#bbbff68978fefdbe68ccb533bc8cbe1d1afb5413"
  integrity sha512-kBJtf7PH6aWwZ6fka3zQ0p6SBYzx4fl1LoZXE2RrnYST9Xljm7WfKJrU4g/Xr3Beg72MLrp1AWNUmuYJTL7Cow==

"@emotion/memoize@^0.7.4":
  version "0.7.5"
  resolved "https://registry.yarnpkg.com/@emotion/memoize/-/memoize-0.7.5.tgz#2c40f81449a4e554e9fc6396910ed4843ec2be50"
  integrity sha512-igX9a37DR2ZPGYtV6suZ6whr8pTFtyHL3K/oLUotxpSVO2ASaprmAe2Dkq7tBo7CRY7MMDrAa9nuQP9/YG8FxQ==

"@emotion/react@^11.7.1":
  version "11.7.1"
  resolved "https://registry.yarnpkg.com/@emotion/react/-/react-11.7.1.tgz#3f800ce9b20317c13e77b8489ac4a0b922b2fe07"
  integrity sha512-DV2Xe3yhkF1yT4uAUoJcYL1AmrnO5SVsdfvu+fBuS7IbByDeTVx9+wFmvx9Idzv7/78+9Mgx2Hcmr7Fex3tIyw==
  dependencies:
    "@babel/runtime" "^7.13.10"
    "@emotion/cache" "^11.7.1"
    "@emotion/serialize" "^1.0.2"
    "@emotion/sheet" "^1.1.0"
    "@emotion/utils" "^1.0.0"
    "@emotion/weak-memoize" "^0.2.5"
    hoist-non-react-statics "^3.3.1"

"@emotion/serialize@^1.0.2":
  version "1.0.2"
  resolved "https://registry.yarnpkg.com/@emotion/serialize/-/serialize-1.0.2.tgz#77cb21a0571c9f68eb66087754a65fa97bfcd965"
  integrity sha512-95MgNJ9+/ajxU7QIAruiOAdYNjxZX7G2mhgrtDWswA21VviYIRP1R5QilZ/bDY42xiKsaktP4egJb3QdYQZi1A==
  dependencies:
    "@emotion/hash" "^0.8.0"
    "@emotion/memoize" "^0.7.4"
    "@emotion/unitless" "^0.7.5"
    "@emotion/utils" "^1.0.0"
    csstype "^3.0.2"

"@emotion/sheet@^1.1.0":
  version "1.1.0"
  resolved "https://registry.yarnpkg.com/@emotion/sheet/-/sheet-1.1.0.tgz#56d99c41f0a1cda2726a05aa6a20afd4c63e58d2"
  integrity sha512-u0AX4aSo25sMAygCuQTzS+HsImZFuS8llY8O7b9MDRzbJM0kVJlAz6KNDqcG7pOuQZJmj/8X/rAW+66kMnMW+g==

"@emotion/unitless@^0.7.5":
  version "0.7.5"
  resolved "https://registry.yarnpkg.com/@emotion/unitless/-/unitless-0.7.5.tgz#77211291c1900a700b8a78cfafda3160d76949ed"
  integrity sha512-OWORNpfjMsSSUBVrRBVGECkhWcULOAJz9ZW8uK9qgxD+87M7jHRcvh/A96XXNhXTLmKcoYSQtBEX7lHMO7YRwg==

"@emotion/utils@^1.0.0":
  version "1.0.0"
  resolved "https://registry.yarnpkg.com/@emotion/utils/-/utils-1.0.0.tgz#abe06a83160b10570816c913990245813a2fd6af"
  integrity sha512-mQC2b3XLDs6QCW+pDQDiyO/EdGZYOygE8s5N5rrzjSI4M3IejPE/JPndCBwRT9z982aqQNi6beWs1UeayrQxxA==

"@emotion/weak-memoize@^0.2.5":
  version "0.2.5"
  resolved "https://registry.yarnpkg.com/@emotion/weak-memoize/-/weak-memoize-0.2.5.tgz#8eed982e2ee6f7f4e44c253e12962980791efd46"
  integrity sha512-6U71C2Wp7r5XtFtQzYrW5iKFT67OixrSxjI4MptCHzdSVlgabczzqLe0ZSgnub/5Kp4hSbpDB1tMytZY9pwxxA==

"@heroicons/react@^1.0.5":
  version "1.0.5"
  resolved "https://registry.yarnpkg.com/@heroicons/react/-/react-1.0.5.tgz#2fe4df9d33eb6ce6d5178a0f862e97b61c01e27d"
  integrity sha512-UDMyLM2KavIu2vlWfMspapw9yii7aoLwzI2Hudx4fyoPwfKfxU8r3cL8dEBXOjcLG0/oOONZzbT14M1HoNtEcg==

"@juggle/resize-observer@^3.3.1":
  version "3.3.1"
  resolved "https://registry.yarnpkg.com/@juggle/resize-observer/-/resize-observer-3.3.1.tgz#b50a781709c81e10701004214340f25475a171a0"
  integrity sha512-zMM9Ds+SawiUkakS7y94Ymqx+S0ORzpG3frZirN3l+UlXUmSUR7hF4wxCVqW+ei94JzV5kt0uXBcoOEAuiydrw==

"@leemonade/react-dnd-treeview@^1.5.44":
  version "1.5.44"
  resolved "https://registry.yarnpkg.com/@leemonade/react-dnd-treeview/-/react-dnd-treeview-1.5.44.tgz#7ab974e7bbf61c18b22b956e023b258e4b76183d"
  integrity sha512-osxB6Dc3gYyE88eEp//1ey6G4YGgEDpM9Vw3A3HQSXYNzCvzBHqvEbcZEtkfojGnyd2TAoHH2ZgPfmIxm3zJmw==
  dependencies:
    immer "^9.0.5"
    react-dnd "^14.0.3"
    react-dnd-html5-backend "^14.0.1"
    react-dnd-multi-backend "^6.0.2"
    react-dnd-touch-backend "^14.1.0"

"@mantine/core@^4.0.5":
  version "4.0.7"
  resolved "https://registry.yarnpkg.com/@mantine/core/-/core-4.0.7.tgz#225b6be81a4bdede204eb24aa30a5029a110920b"
  integrity sha512-HBUlPR7T5C0phuaKuY5SfyMB9hSMatXrqfbf8XE+a/3mRYacqa2wvp2YRGFtLxbLD49bZqybRXc8OR1VtsrZ6A==
  dependencies:
    "@mantine/styles" "4.0.7"
    "@popperjs/core" "^2.9.3"
    "@radix-ui/react-scroll-area" "^0.1.1"
    clsx "^1.1.1"
    react-popper "^2.2.5"
    react-textarea-autosize "^8.3.2"

"@mantine/dates@^4.0.5":
  version "4.0.7"
  resolved "https://registry.yarnpkg.com/@mantine/dates/-/dates-4.0.7.tgz#85392526d2a7d377abeea3cb6595823b2dbd872d"
  integrity sha512-6sd495Gy6Wvf1H6XZwYqM3Y0ETp/fxl9RJTJ8f52iYWsTIu7b5rLCul+FJbuSI2KKyjOsNSxuEZT/CLGMhB2Jg==
  dependencies:
    "@popperjs/core" "^2.9.3"
    clsx "^1.1.1"
    react-popper "^2.2.5"

"@mantine/dropzone@^4.0.5":
  version "4.0.7"
  resolved "https://registry.yarnpkg.com/@mantine/dropzone/-/dropzone-4.0.7.tgz#2ed8e5b4f704434c0746358dc1cffa74122e81d4"
  integrity sha512-M69k+UONT9wLszrHl4HsTHMW0b4ffIXcgVQzqJPprF2CWIZzRDZCu9fzEzkIKna/owHQQ9R3W2X5PQw4H7Xzuw==
  dependencies:
    react-dropzone "^11.4.2"

"@mantine/hooks@^4.0.5":
  version "4.0.7"
  resolved "https://registry.yarnpkg.com/@mantine/hooks/-/hooks-4.0.7.tgz#7b6d12994f3bc35e653dd3054efeaef40f8af032"
  integrity sha512-SjP6SZIgri3oMLDZBDYIo+nj9EKAN5OgvCDzREfD9k++BluPk2AfyzCpaZ7mr4+4ZskS6o5FIBvKqvUZYzr9bg==

"@mantine/modals@^4.0.5":
  version "4.0.7"
  resolved "https://registry.yarnpkg.com/@mantine/modals/-/modals-4.0.7.tgz#dae7d11a28a3f4d428c6c28e88f2644188a84552"
  integrity sha512-+gn91uEnTtmLHjCtRzOeDUU2zx7jvpAWHDKBV8UKm91rTouuNaETp7aqvMPK6L9BQsYtektOd0Hhe1GkVTNeAw==

"@mantine/styles@4.0.7":
  version "4.0.7"
  resolved "https://registry.yarnpkg.com/@mantine/styles/-/styles-4.0.7.tgz#bb2e3cde15004b9d9a0f72ed359da8c24bd8fd6a"
  integrity sha512-8QOHAigeTZwS90XwL/MjokmMu9vZDnIJetQRUrRnprovNaLm96aklPVQeXmgxmDlWGuleDq9zhLhjyBJSMPN0A==
  dependencies:
    "@emotion/cache" "^11.7.1"
    "@emotion/react" "^11.7.1"
    "@emotion/serialize" "^1.0.2"
    "@emotion/utils" "^1.0.0"
    clsx "^1.1.1"
    csstype "^3.0.9"

"@popperjs/core@^2.9.3":
  version "2.11.2"
  resolved "https://registry.yarnpkg.com/@popperjs/core/-/core-2.11.2.tgz#830beaec4b4091a9e9398ac50f865ddea52186b9"
  integrity sha512-92FRmppjjqz29VMJ2dn+xdyXZBrMlE42AV6Kq6BwjWV7CNUW1hs2FtxSNLQE+gJhaZ6AAmYuO9y8dshhcBl7vA==

"@radix-ui/number@0.1.0":
  version "0.1.0"
  resolved "https://registry.yarnpkg.com/@radix-ui/number/-/number-0.1.0.tgz#73ad13d5cc5f75fa5e147d72e5d5d5e50d688256"
  integrity sha512-rpf6QiOWLHAkM4FEMYu9i+5Jr8cKT893+R4mPpcdsy4LD7omr9JfdOqj/h/xPA5+EcVrpMMlU6rrRYpUB5UI8g==
  dependencies:
    "@babel/runtime" "^7.13.10"

"@radix-ui/primitive@0.1.0":
  version "0.1.0"
  resolved "https://registry.yarnpkg.com/@radix-ui/primitive/-/primitive-0.1.0.tgz#6206b97d379994f0d1929809db035733b337e543"
  integrity sha512-tqxZKybwN5Fa3VzZry4G6mXAAb9aAqKmPtnVbZpL0vsBwvOHTBwsjHVPXylocYLwEtBY9SCe665bYnNB515uoA==
  dependencies:
    "@babel/runtime" "^7.13.10"

"@radix-ui/react-compose-refs@0.1.0":
  version "0.1.0"
  resolved "https://registry.yarnpkg.com/@radix-ui/react-compose-refs/-/react-compose-refs-0.1.0.tgz#cff6e780a0f73778b976acff2c2a5b6551caab95"
  integrity sha512-eyclbh+b77k+69Dk72q3694OHrn9B3QsoIRx7ywX341U9RK1ThgQjMFZoPtmZNQTksXHLNEiefR8hGVeFyInGg==
  dependencies:
    "@babel/runtime" "^7.13.10"

"@radix-ui/react-context@0.1.1":
  version "0.1.1"
  resolved "https://registry.yarnpkg.com/@radix-ui/react-context/-/react-context-0.1.1.tgz#06996829ea124d9a1bc1dbe3e51f33588fab0875"
  integrity sha512-PkyVX1JsLBioeu0jB9WvRpDBBLtLZohVDT3BB5CTSJqActma8S8030P57mWZb4baZifMvN7KKWPAA40UmWKkQg==
  dependencies:
    "@babel/runtime" "^7.13.10"

"@radix-ui/react-presence@0.1.1":
  version "0.1.1"
  resolved "https://registry.yarnpkg.com/@radix-ui/react-presence/-/react-presence-0.1.1.tgz#2088dec6f4f8042f83dd2d6bf9e8ef09dadbbc15"
  integrity sha512-LsL+NcWDpFUAYCmXeH02o4pgqcSLpwxP84UIjCtpIKrsPe2vLuhcp79KC/jZJeXz+of2lUpMAxpM+eCpxFZtlg==
  dependencies:
    "@babel/runtime" "^7.13.10"
    "@radix-ui/react-compose-refs" "0.1.0"
    "@radix-ui/react-use-layout-effect" "0.1.0"

"@radix-ui/react-primitive@0.1.3":
  version "0.1.3"
  resolved "https://registry.yarnpkg.com/@radix-ui/react-primitive/-/react-primitive-0.1.3.tgz#585c35ef2ec06bab0ea9e0fc5c916e556661b881"
  integrity sha512-fcyADaaAx2jdqEDLsTs6aX50S3L1c9K9CC6XMpJpuXFJCU4n9PGTFDZRtY2gAoXXoRCPIBsklCopSmGb6SsDjQ==
  dependencies:
    "@babel/runtime" "^7.13.10"
    "@radix-ui/react-slot" "0.1.2"

"@radix-ui/react-scroll-area@^0.1.1":
  version "0.1.3"
  resolved "https://registry.yarnpkg.com/@radix-ui/react-scroll-area/-/react-scroll-area-0.1.3.tgz#d9ef1625d06346cda7eb71e21947fe726c800144"
  integrity sha512-wn5FdX5pU8N6ygqIad4clrhyiLo3LWCdscIee2nKe2bu7AijtUs/VAqmLEoDLIi2gpkS5RclxHbiHRkaxVvccw==
  dependencies:
    "@babel/runtime" "^7.13.10"
    "@radix-ui/number" "0.1.0"
    "@radix-ui/primitive" "0.1.0"
    "@radix-ui/react-compose-refs" "0.1.0"
    "@radix-ui/react-context" "0.1.1"
    "@radix-ui/react-presence" "0.1.1"
    "@radix-ui/react-primitive" "0.1.3"
    "@radix-ui/react-use-callback-ref" "0.1.0"
    "@radix-ui/react-use-direction" "0.1.0"
    "@radix-ui/react-use-layout-effect" "0.1.0"

"@radix-ui/react-slot@0.1.2":
  version "0.1.2"
  resolved "https://registry.yarnpkg.com/@radix-ui/react-slot/-/react-slot-0.1.2.tgz#e6f7ad9caa8ce81cc8d532c854c56f9b8b6307c8"
  integrity sha512-ADkqfL+agEzEguU3yS26jfB50hRrwf7U4VTwAOZEmi/g+ITcBWe12yM46ueS/UCIMI9Py+gFUaAdxgxafFvY2Q==
  dependencies:
    "@babel/runtime" "^7.13.10"
    "@radix-ui/react-compose-refs" "0.1.0"

"@radix-ui/react-use-callback-ref@0.1.0":
  version "0.1.0"
  resolved "https://registry.yarnpkg.com/@radix-ui/react-use-callback-ref/-/react-use-callback-ref-0.1.0.tgz#934b6e123330f5b3a6b116460e6662cbc663493f"
  integrity sha512-Va041McOFFl+aV+sejvl0BS2aeHx86ND9X/rVFmEFQKTXCp6xgUK0NGUAGcgBlIjnJSbMYPGEk1xKSSlVcN2Aw==
  dependencies:
    "@babel/runtime" "^7.13.10"

"@radix-ui/react-use-direction@0.1.0":
  version "0.1.0"
  resolved "https://registry.yarnpkg.com/@radix-ui/react-use-direction/-/react-use-direction-0.1.0.tgz#97ac1d52e497c974389e7988f809238ed72e7df7"
  integrity sha512-NajpY/An9TCPSfOVkgWIdXJV+VuWl67PxB6kOKYmtNAFHvObzIoh8o0n9sAuwSAyFCZVq211FEf9gvVDRhOyiA==
  dependencies:
    "@babel/runtime" "^7.13.10"

"@radix-ui/react-use-layout-effect@0.1.0":
  version "0.1.0"
  resolved "https://registry.yarnpkg.com/@radix-ui/react-use-layout-effect/-/react-use-layout-effect-0.1.0.tgz#ebf71bd6d2825de8f1fbb984abf2293823f0f223"
  integrity sha512-+wdeS51Y+E1q1Wmd+1xSSbesZkpVj4jsg0BojCbopWvgq5iBvixw5vgemscdh58ep98BwUbsFYnrywFhV9yrVg==
  dependencies:
    "@babel/runtime" "^7.13.10"

"@react-dnd/asap@^4.0.0":
  version "4.0.0"
  resolved "https://registry.yarnpkg.com/@react-dnd/asap/-/asap-4.0.0.tgz#b300eeed83e9801f51bd66b0337c9a6f04548651"
  integrity sha512-0XhqJSc6pPoNnf8DhdsPHtUhRzZALVzYMTzRwV4VI6DJNJ/5xxfL9OQUwb8IH5/2x7lSf7nAZrnzUD+16VyOVQ==

"@react-dnd/invariant@^2.0.0":
  version "2.0.0"
  resolved "https://registry.yarnpkg.com/@react-dnd/invariant/-/invariant-2.0.0.tgz#09d2e81cd39e0e767d7da62df9325860f24e517e"
  integrity sha512-xL4RCQBCBDJ+GRwKTFhGUW8GXa4yoDfJrPbLblc3U09ciS+9ZJXJ3Qrcs/x2IODOdIE5kQxvMmE2UKyqUictUw==

"@react-dnd/shallowequal@^2.0.0":
  version "2.0.0"
  resolved "https://registry.yarnpkg.com/@react-dnd/shallowequal/-/shallowequal-2.0.0.tgz#a3031eb54129f2c66b2753f8404266ec7bf67f0a"
  integrity sha512-Pc/AFTdwZwEKJxFJvlxrSmGe/di+aAOBn60sremrpLo6VI/6cmiUYNNwlI5KNYttg7uypzA3ILPMPgxB2GYZEg==

"@types/hoist-non-react-statics@^3.3.0":
  version "3.3.1"
  resolved "https://registry.yarnpkg.com/@types/hoist-non-react-statics/-/hoist-non-react-statics-3.3.1.tgz#1124aafe5118cb591977aeb1ceaaed1070eb039f"
  integrity sha512-iMIqiko6ooLrTh1joXodJK5X9xeEALT1kM5G3ZLhD3hszxBdIEd5C75U834D9mLcINgD4OyZf5uQXjkuYydWvA==
  dependencies:
    "@types/react" "*"
    hoist-non-react-statics "^3.3.0"

"@types/prop-types@*":
  version "15.7.4"
  resolved "https://registry.yarnpkg.com/@types/prop-types/-/prop-types-15.7.4.tgz#fcf7205c25dff795ee79af1e30da2c9790808f11"
  integrity sha512-rZ5drC/jWjrArrS8BR6SIr4cWpW09RNTYt9AMZo3Jwwif+iacXAqgVjm0B0Bv/S1jhDXKHqRVNCbACkJ89RAnQ==

"@types/react-redux@^7.1.20":
  version "7.1.22"
  resolved "https://registry.yarnpkg.com/@types/react-redux/-/react-redux-7.1.22.tgz#0eab76a37ef477cc4b53665aeaf29cb60631b72a"
  integrity sha512-GxIA1kM7ClU73I6wg9IRTVwSO9GS+SAKZKe0Enj+82HMU6aoESFU2HNAdNi3+J53IaOHPiUfT3kSG4L828joDQ==
  dependencies:
    "@types/hoist-non-react-statics" "^3.3.0"
    "@types/react" "*"
    hoist-non-react-statics "^3.3.0"
    redux "^4.0.0"

"@types/react@*":
  version "17.0.38"
  resolved "https://registry.yarnpkg.com/@types/react/-/react-17.0.38.tgz#f24249fefd89357d5fa71f739a686b8d7c7202bd"
  integrity sha512-SI92X1IA+FMnP3qM5m4QReluXzhcmovhZnLNm3pyeQlooi02qI7sLiepEYqT678uNiyc25XfCqxREFpy3W7YhQ==
  dependencies:
    "@types/prop-types" "*"
    "@types/scheduler" "*"
    csstype "^3.0.2"

"@types/scheduler@*":
  version "0.16.2"
  resolved "https://registry.yarnpkg.com/@types/scheduler/-/scheduler-0.16.2.tgz#1a62f89525723dde24ba1b01b092bf5df8ad4d39"
  integrity sha512-hppQEBDmlwhFAXKJX2KnWLYu5yMfi91yazPb2l+lbJiwW+wdo1gNeRA+3RgNSO39WYX2euey41KEwnqesU2Jew==

"@yaireo/tagify@^4.9.4":
  version "4.9.5"
  resolved "https://registry.yarnpkg.com/@yaireo/tagify/-/tagify-4.9.5.tgz#adc49639b3595a5a35c80a25dfbb588deaa13fdb"
  integrity sha512-PspJ8BWawLk+vg025Qrdj34IvtVMmovslbMTi+GsZT6ZGZDAS98RZVjYGN08Ifmc5c8CqBnvfDd52n+1u6g+xA==

attr-accept@^2.2.1:
  version "2.2.2"
  resolved "https://registry.yarnpkg.com/attr-accept/-/attr-accept-2.2.2.tgz#646613809660110749e92f2c10833b70968d929b"
  integrity sha512-7prDjvt9HmqiZ0cl5CRjtS84sEyhsHP2coDkaZKRKVfCDo9s7iw7ChVmar78Gu9pC4SoR/28wFu/G5JJhTnqEg==

can-use-dom@^0.1.0:
  version "0.1.0"
  resolved "https://registry.yarnpkg.com/can-use-dom/-/can-use-dom-0.1.0.tgz#22cc4a34a0abc43950f42c6411024a3f6366b45a"
  integrity sha1-IsxKNKCrxDlQ9CxkEQJKP2NmtFo=

clsx@^1.1.1:
  version "1.1.1"
  resolved "https://registry.yarnpkg.com/clsx/-/clsx-1.1.1.tgz#98b3134f9abbdf23b2663491ace13c5c03a73188"
  integrity sha512-6/bPho624p3S2pMyvP5kKBPXnI3ufHLObBFCfgx+LkeR5lg2XYy2hqZqUf45ypD8COn2bhgGJSUE+l5dhNBieA==

colord@^2.9.2:
  version "2.9.2"
  resolved "https://registry.yarnpkg.com/colord/-/colord-2.9.2.tgz#25e2bacbbaa65991422c07ea209e2089428effb1"
  integrity sha512-Uqbg+J445nc1TKn4FoDPS6ZZqAvEDnwrH42yo8B40JSOgSLxMZ/gt3h4nmCtPLQeXhjJJkqBx7SCY35WnIixaQ==

core-js@^3.0.1:
  version "3.20.3"
  resolved "https://registry.yarnpkg.com/core-js/-/core-js-3.20.3.tgz#c710d0a676e684522f3db4ee84e5e18a9d11d69a"
  integrity sha512-vVl8j8ph6tRS3B8qir40H7yw7voy17xL0piAjlbBUsH7WIfzoedL/ZOr1OV9FyZQLWXsayOJyV4tnRyXR85/ag==

crypto-extra@1.0.1:
  version "1.0.1"
  resolved "https://registry.yarnpkg.com/crypto-extra/-/crypto-extra-1.0.1.tgz#91d9e3d8d35f9a16d548c073c31b147f34eab11e"
  integrity sha512-EDJ07p6UDdyX+7GL6Bb6FqCuCHY34GuII9esE/xXZtW7tlB+A7MYT9O/c1M/ov2aGTdwvw0b3z5OcO50zYBG5Q==

css-box-model@^1.2.0:
  version "1.2.1"
  resolved "https://registry.yarnpkg.com/css-box-model/-/css-box-model-1.2.1.tgz#59951d3b81fd6b2074a62d49444415b0d2b4d7c1"
  integrity sha512-a7Vr4Q/kd/aw96bnJG332W9V9LkJO69JRcaCYDUqjp6/z0w6VcZjgAcTbgFxEPfBgdnAwlh3iwu+hLopa+flJw==
  dependencies:
    tiny-invariant "^1.0.6"

csstype@^3.0.2, csstype@^3.0.9:
  version "3.0.10"
  resolved "https://registry.yarnpkg.com/csstype/-/csstype-3.0.10.tgz#2ad3a7bed70f35b965707c092e5f30b327c290e5"
  integrity sha512-2u44ZG2OcNUO9HDp/Jl8C07x6pU/eTR3ncV91SiK3dhG9TWvRVsCoJw14Ckx5DgWkzGA3waZWO3d7pgqpUI/XA==

dayjs@^1.10.7:
  version "1.10.7"
  resolved "https://registry.yarnpkg.com/dayjs/-/dayjs-1.10.7.tgz#2cf5f91add28116748440866a0a1d26f3a6ce468"
  integrity sha512-P6twpd70BcPK34K26uJ1KT3wlhpuOAPoMwJzpsIWUxHZ7wpmbdZL/hQqBDfz7hGurYSa5PhzdhDHtt319hL3ig==

dnd-core@14.0.1:
  version "14.0.1"
  resolved "https://registry.yarnpkg.com/dnd-core/-/dnd-core-14.0.1.tgz#76d000e41c494983210fb20a48b835f81a203c2e"
  integrity sha512-+PVS2VPTgKFPYWo3vAFEA8WPbTf7/xo43TifH9G8S1KqnrQu0o77A3unrF5yOugy4mIz7K5wAVFHUcha7wsz6A==
  dependencies:
    "@react-dnd/asap" "^4.0.0"
    "@react-dnd/invariant" "^2.0.0"
    redux "^4.1.1"

dnd-multi-backend@^6.0.0:
  version "6.0.0"
  resolved "https://registry.yarnpkg.com/dnd-multi-backend/-/dnd-multi-backend-6.0.0.tgz#4ed68229a3f6f1fb9e9bc45b4034e8330005280d"
  integrity sha512-qfUO4V0IACs24xfE9m9OUnwIzoL+SWzSiFbKVIHE0pFddJeZ93BZOdHS1XEYr8X3HNh+CfnfjezXgOMgjvh74g==

fast-deep-equal@^3.1.3:
  version "3.1.3"
  resolved "https://registry.yarnpkg.com/fast-deep-equal/-/fast-deep-equal-3.1.3.tgz#3a7d56b559d6cbc3eb512325244e619a65c6c525"
  integrity sha512-f3qQ9oQy9j2AhBe/H9VC91wLmKBCCU/gDOnKNAYG5hswO7BLKj09Hc5HYNz9cGI++xlpDCIgDaitVs03ATR84Q==

file-selector@^0.2.2:
  version "0.2.4"
  resolved "https://registry.yarnpkg.com/file-selector/-/file-selector-0.2.4.tgz#7b98286f9dbb9925f420130ea5ed0a69238d4d80"
  integrity sha512-ZDsQNbrv6qRi1YTDOEWzf5J2KjZ9KMI1Q2SGeTkCJmNNW25Jg4TW4UMcmoqcg4WrAyKRcpBXdbWRxkfrOzVRbA==
  dependencies:
    tslib "^2.0.3"

history@^4.9.0:
  version "4.10.1"
  resolved "https://registry.yarnpkg.com/history/-/history-4.10.1.tgz#33371a65e3a83b267434e2b3f3b1b4c58aad4cf3"
  integrity sha512-36nwAD620w12kuzPAsyINPWJqlNbij+hpK1k9XRloDtym8mxzGYl2c17LnV6IAGB2Dmg4tEa7G7DlawS0+qjew==
  dependencies:
    "@babel/runtime" "^7.1.2"
    loose-envify "^1.2.0"
    resolve-pathname "^3.0.0"
    tiny-invariant "^1.0.2"
    tiny-warning "^1.0.0"
    value-equal "^1.0.1"

hoist-non-react-statics@^3.1.0, hoist-non-react-statics@^3.3.0, hoist-non-react-statics@^3.3.1, hoist-non-react-statics@^3.3.2:
  version "3.3.2"
  resolved "https://registry.yarnpkg.com/hoist-non-react-statics/-/hoist-non-react-statics-3.3.2.tgz#ece0acaf71d62c2969c2ec59feff42a4b1a85b45"
  integrity sha512-/gGivxi8JPKWNm/W0jSmzcMPpfpPLc3dY/6GxhX2hQ9iGj3aDfklV4ET7NjKpSinLpJ5vafa9iiGIEZg10SfBw==
  dependencies:
    react-is "^16.7.0"

immer@^9.0.5:
  version "9.0.12"
  resolved "https://registry.yarnpkg.com/immer/-/immer-9.0.12.tgz#2d33ddf3ee1d247deab9d707ca472c8c942a0f20"
  integrity sha512-lk7UNmSbAukB5B6dh9fnh5D0bJTOFKxVg2cyJWTYrWRfhLrLMBquONcUs3aFq507hNoIZEDDh8lb8UtOizSMhA==

immutability-helper@^3.1.1:
  version "3.1.1"
  resolved "https://registry.yarnpkg.com/immutability-helper/-/immutability-helper-3.1.1.tgz#2b86b2286ed3b1241c9e23b7b21e0444f52f77b7"
  integrity sha512-Q0QaXjPjwIju/28TsugCHNEASwoCcJSyJV3uO1sOIQGI0jKgm9f41Lvz0DZj3n46cNCyAZTsEYoY4C2bVRUzyQ==

isarray@0.0.1:
  version "0.0.1"
  resolved "https://registry.yarnpkg.com/isarray/-/isarray-0.0.1.tgz#8a18acfca9a8f4177e09abfc6038939b05d1eedf"
  integrity sha1-ihis/Kmo9Bd+Cav8YDiTmwXR7t8=

"js-tokens@^3.0.0 || ^4.0.0":
  version "4.0.0"
  resolved "https://registry.yarnpkg.com/js-tokens/-/js-tokens-4.0.0.tgz#19203fb59991df98e3a287050d4647cdeaf32499"
  integrity sha512-RdJUflcE3cUzKiMqQgsCu06FPu9UdIJO0beYbPhHN4k6apgJtifcoCtT9bcxOpYBtpD2kCM6Sbzg4CausW/PKQ==

lodash.debounce@^4.0.8:
  version "4.0.8"
  resolved "https://registry.yarnpkg.com/lodash.debounce/-/lodash.debounce-4.0.8.tgz#82d79bff30a67c4005ffd5e2515300ad9ca4d7af"
  integrity sha1-gteb/zCmfEAF/9XiUVMArZyk168=

lodash.memoize@^4.1.2:
  version "4.1.2"
  resolved "https://registry.yarnpkg.com/lodash.memoize/-/lodash.memoize-4.1.2.tgz#bcc6c49a42a2840ed997f323eada5ecd182e0bfe"
  integrity sha1-vMbEmkKihA7Zl/Mj6tpezRguC/4=

lodash.throttle@^4.1.1:
  version "4.1.1"
  resolved "https://registry.yarnpkg.com/lodash.throttle/-/lodash.throttle-4.1.1.tgz#c23e91b710242ac70c37f1e1cda9274cc39bf2f4"
  integrity sha1-wj6RtxAkKscMN/HhzaknTMOb8vQ=

lodash@^4.17.21:
  version "4.17.21"
  resolved "https://registry.yarnpkg.com/lodash/-/lodash-4.17.21.tgz#679591c564c3bffaae8454cf0b3df370c3d6911c"
  integrity sha512-v2kDEe57lecTulaDIuNTPy3Ry4gLGJ6Z1O3vE1krgXZNrsQ+LFTGHVxVjcXPs17LhbZVGedAJv8XZ1tvj5FvSg==

loose-envify@^1.0.0, loose-envify@^1.2.0, loose-envify@^1.3.1, loose-envify@^1.4.0:
  version "1.4.0"
  resolved "https://registry.yarnpkg.com/loose-envify/-/loose-envify-1.4.0.tgz#71ee51fa7be4caec1a63839f7e682d8132d30caf"
  integrity sha512-lyuxPGr/Wfhrlem2CL/UcnUc1zcqKAImBDzukY7Y5F/yQiNdko6+fRLevlw1HgMySw7f611UIY408EtxRSoK3Q==
  dependencies:
    js-tokens "^3.0.0 || ^4.0.0"

macy@^2.5.1:
  version "2.5.1"
  resolved "https://registry.yarnpkg.com/macy/-/macy-2.5.1.tgz#0dcd4643944809585ccc8f5ff07fb8705d98d7db"
  integrity sha512-+y4WYyh3rl4G8UczZP30pXxhLQRZ941QcaDmWoGefzUBXdwNW8TOhjjN1g5i/VG3SmiSsHgpjVXhlnZ84P2QMw==

memoize-one@^5.1.1:
  version "5.2.1"
  resolved "https://registry.yarnpkg.com/memoize-one/-/memoize-one-5.2.1.tgz#8337aa3c4335581839ec01c3d594090cebe8f00e"
  integrity sha512-zYiwtZUcYyXKo/np96AGZAckk+FWWsUdJ3cHGGmld7+AhvcWmQyGCYUh1hc4Q/pkOhb65dQR/pqCyK0cOaHz4Q==

mini-create-react-context@^0.4.0:
  version "0.4.1"
  resolved "https://registry.yarnpkg.com/mini-create-react-context/-/mini-create-react-context-0.4.1.tgz#072171561bfdc922da08a60c2197a497cc2d1d5e"
  integrity sha512-YWCYEmd5CQeHGSAKrYvXgmzzkrvssZcuuQDDeqkT+PziKGMgE+0MCCtcKbROzocGBG1meBLl2FotlRwf4gAzbQ==
  dependencies:
    "@babel/runtime" "^7.12.1"
    tiny-warning "^1.0.3"

namor@^2.0.3:
  version "2.0.3"
  resolved "https://registry.yarnpkg.com/namor/-/namor-2.0.3.tgz#a42c5e76f6170f9e2fc4ddfc6d403a881f59350d"
  integrity sha512-BDDfplXUwxcEK1QAwL0k82VyqYyAa3xdQv24ijfLc+5Zqdm3IyfAIBTCRWhKPbbLncmdvG/vCr9JhrVH9FGpNQ==
  dependencies:
    crypto-extra "1.0.1"

object-assign@^4.1.1:
  version "4.1.1"
  resolved "https://registry.yarnpkg.com/object-assign/-/object-assign-4.1.1.tgz#2109adc7965887cfc05cbbd442cac8bfbb360863"
  integrity sha1-IQmtx5ZYh8/AXLvUQsrIv7s2CGM=

path-to-regexp@^1.7.0:
  version "1.8.0"
  resolved "https://registry.yarnpkg.com/path-to-regexp/-/path-to-regexp-1.8.0.tgz#887b3ba9d84393e87a0a0b9f4cb756198b53548a"
  integrity sha512-n43JRhlUKUAlibEJhPeir1ncUID16QnEjNpwzNdO3Lm4ywrBpBZ5oLD0I6br9evr1Y9JTqwRtAh7JLoOzAQdVA==
  dependencies:
    isarray "0.0.1"

prop-types@^15.6.1, prop-types@^15.6.2, prop-types@^15.7.2:
  version "15.8.1"
  resolved "https://registry.yarnpkg.com/prop-types/-/prop-types-15.8.1.tgz#67d87bf1a694f48435cf332c24af10214a3140b5"
  integrity sha512-oj87CgZICdulUohogVAR7AjlC0327U4el4L6eAvOqCeudMDVU0NThNaV+b9Df4dXgSP1gXMTnPdhfe/2qDH5cg==
  dependencies:
    loose-envify "^1.4.0"
    object-assign "^4.1.1"
    react-is "^16.13.1"

raf-schd@^4.0.2:
  version "4.0.3"
  resolved "https://registry.yarnpkg.com/raf-schd/-/raf-schd-4.0.3.tgz#5d6c34ef46f8b2a0e880a8fcdb743efc5bfdbc1a"
  integrity sha512-tQkJl2GRWh83ui2DiPTJz9wEiMN20syf+5oKfB03yYP7ioZcJwsIK8FjrtLwH1m7C7e+Tt2yYBlrOpdT+dyeIQ==

react-beautiful-dnd@^13.1.0:
  version "13.1.0"
  resolved "https://registry.yarnpkg.com/react-beautiful-dnd/-/react-beautiful-dnd-13.1.0.tgz#ec97c81093593526454b0de69852ae433783844d"
  integrity sha512-aGvblPZTJowOWUNiwd6tNfEpgkX5OxmpqxHKNW/4VmvZTNTbeiq7bA3bn5T+QSF2uibXB0D1DmJsb1aC/+3cUA==
  dependencies:
    "@babel/runtime" "^7.9.2"
    css-box-model "^1.2.0"
    memoize-one "^5.1.1"
    raf-schd "^4.0.2"
    react-redux "^7.2.0"
    redux "^4.0.4"
    use-memo-one "^1.1.1"

react-dnd-html5-backend@^14.0.1, react-dnd-html5-backend@^14.1.0:
  version "14.1.0"
  resolved "https://registry.yarnpkg.com/react-dnd-html5-backend/-/react-dnd-html5-backend-14.1.0.tgz#b35a3a0c16dd3a2bfb5eb7ec62cf0c2cace8b62f"
  integrity sha512-6ONeqEC3XKVf4eVmMTe0oPds+c5B9Foyj8p/ZKLb7kL2qh9COYxiBHv3szd6gztqi/efkmriywLUVlPotqoJyw==
  dependencies:
    dnd-core "14.0.1"

react-dnd-multi-backend@^6.0.2:
  version "6.0.2"
  resolved "https://registry.yarnpkg.com/react-dnd-multi-backend/-/react-dnd-multi-backend-6.0.2.tgz#485878014dfbac46fcc898961871be6e5277c3f2"
  integrity sha512-SwpqRv0HkJYu244FbHf9NbvGzGy14Ir9wIAhm909uvOVaHgsOq6I1THMSWSgpwUI31J3Bo5uS19tuvGpVPjzZw==
  dependencies:
    dnd-multi-backend "^6.0.0"
    prop-types "^15.7.2"
    react-dnd-preview "^6.0.2"

react-dnd-preview@^6.0.2:
  version "6.0.2"
  resolved "https://registry.yarnpkg.com/react-dnd-preview/-/react-dnd-preview-6.0.2.tgz#dd34931c270853c80438e1275e6c9e77174f8afe"
  integrity sha512-F2+uK4Be+q+7mZfNh9kaZols7wp1hX6G7UBTVaTpDsBpMhjFvY7/v7odxYSerSFBShh23MJl33a4XOVRFj1zoQ==
  dependencies:
    prop-types "^15.7.2"

react-dnd-touch-backend@^14.1.0:
  version "14.1.1"
  resolved "https://registry.yarnpkg.com/react-dnd-touch-backend/-/react-dnd-touch-backend-14.1.1.tgz#d8875ef1cf8dcbf1741a4e03dd5b147c4fbda5e4"
  integrity sha512-ITmfzn3fJrkUBiVLO6aJZcnu7T8C+GfwZitFryGsXKn5wYcUv+oQBeh9FYcMychmVbDdeUCfvEtTk9O+DKmAaw==
  dependencies:
    "@react-dnd/invariant" "^2.0.0"
    dnd-core "14.0.1"

react-dnd@^14.0.3, react-dnd@^14.0.5:
  version "14.0.5"
  resolved "https://registry.yarnpkg.com/react-dnd/-/react-dnd-14.0.5.tgz#ecf264e220ae62e35634d9b941502f3fca0185ed"
  integrity sha512-9i1jSgbyVw0ELlEVt/NkCUkxy1hmhJOkePoCH713u75vzHGyXhPDm28oLfc2NMSBjZRM1Y+wRjHXJT3sPrTy+A==
  dependencies:
    "@react-dnd/invariant" "^2.0.0"
    "@react-dnd/shallowequal" "^2.0.0"
    dnd-core "14.0.1"
    fast-deep-equal "^3.1.3"
    hoist-non-react-statics "^3.3.2"

react-dropzone@^11.4.2:
  version "11.5.1"
  resolved "https://registry.yarnpkg.com/react-dropzone/-/react-dropzone-11.5.1.tgz#f4d664437bf8af6acfccbf5040a9890c6780a49f"
  integrity sha512-eNhttdq4ZDe3eKbXAe54Opt+sbtqmNK5NWTHf/l5d+1TdZqShJ8gMjBrya00qx5zkI//TYxRhu1d9pemTgaWwg==
  dependencies:
    attr-accept "^2.2.1"
    file-selector "^0.2.2"
    prop-types "^15.7.2"

react-fast-compare@^3.0.1, react-fast-compare@^3.1.1:
  version "3.2.0"
  resolved "https://registry.yarnpkg.com/react-fast-compare/-/react-fast-compare-3.2.0.tgz#641a9da81b6a6320f270e89724fb45a0b39e43bb"
  integrity sha512-rtGImPZ0YyLrscKI9xTpV8psd6I8VAtjKCzQDlzyDvqJA8XOW78TXYQwNRNd8g8JZnDu8q9Fu/1v4HPAVwVdHA==

react-helmet@^6.1.0:
  version "6.1.0"
  resolved "https://registry.yarnpkg.com/react-helmet/-/react-helmet-6.1.0.tgz#a750d5165cb13cf213e44747502652e794468726"
  integrity sha512-4uMzEY9nlDlgxr61NL3XbKRy1hEkXmKNXhjbAIOVw5vcFrsdYbH2FEwcNyWvWinl103nXgzYNlns9ca+8kFiWw==
  dependencies:
    object-assign "^4.1.1"
    prop-types "^15.7.2"
    react-fast-compare "^3.1.1"
    react-side-effect "^2.1.0"

react-hook-form@^7.22.1:
  version "7.25.1"
  resolved "https://registry.yarnpkg.com/react-hook-form/-/react-hook-form-7.25.1.tgz#7ec58505078760134b1c6efdfe07b4b5c4bdb8e3"
  integrity sha512-AVE/kFtOQ6GEC5TBDNzZrVO8k4QRMi5RNhUWeBq6Koc9V/luBrP1xybWByl4n1yLFL8/2H3p0VM7wp3CW7t8JQ==

react-is@^16.13.1, react-is@^16.6.0, react-is@^16.7.0:
  version "16.13.1"
  resolved "https://registry.yarnpkg.com/react-is/-/react-is-16.13.1.tgz#789729a4dc36de2999dc156dd6c1d9c18cea56a4"
  integrity sha512-24e6ynE2H+OKt4kqsOvNd8kBpV65zoxbA4BVsEOB3ARVWQki/DHzaUoC5KuON/BiccDaCCTZBuOcfZs70kR8bQ==

react-is@^17.0.2:
  version "17.0.2"
  resolved "https://registry.yarnpkg.com/react-is/-/react-is-17.0.2.tgz#e691d4a8e9c789365655539ab372762b0efb54f0"
  integrity sha512-w2GsyukL62IJnlaff/nRegPQR94C/XXamvMWmSHRJ4y7Ts/4ocGRmTHvOs8PSE6pB3dWOrD/nueuU5sduBsQ4w==

react-multiline-clamp@^2.0.0:
  version "2.0.0"
  resolved "https://registry.yarnpkg.com/react-multiline-clamp/-/react-multiline-clamp-2.0.0.tgz#913a2092368ef1b52c1c79364d506ba4af27e019"
  integrity sha512-iPm3HxFD6LO63lE5ZnThiqs+6A3c+LW3WbsEM0oa0iNTa0qN4SKx/LK/6ZToSmXundEcQXBFVNzKDvgmExawTw==

react-popper@^2.2.5:
  version "2.2.5"
  resolved "https://registry.yarnpkg.com/react-popper/-/react-popper-2.2.5.tgz#1214ef3cec86330a171671a4fbcbeeb65ee58e96"
  integrity sha512-kxGkS80eQGtLl18+uig1UIf9MKixFSyPxglsgLBxlYnyDf65BiY9B3nZSc6C9XUNDgStROB0fMQlTEz1KxGddw==
  dependencies:
    react-fast-compare "^3.0.1"
    warning "^4.0.2"

react-redux@^7.2.0:
  version "7.2.6"
  resolved "https://registry.yarnpkg.com/react-redux/-/react-redux-7.2.6.tgz#49633a24fe552b5f9caf58feb8a138936ddfe9aa"
  integrity sha512-10RPdsz0UUrRL1NZE0ejTkucnclYSgXp5q+tB5SWx2qeG2ZJQJyymgAhwKy73yiL/13btfB6fPr+rgbMAaZIAQ==
  dependencies:
    "@babel/runtime" "^7.15.4"
    "@types/react-redux" "^7.1.20"
    hoist-non-react-statics "^3.3.2"
    loose-envify "^1.4.0"
    prop-types "^15.7.2"
    react-is "^17.0.2"

react-router-dom@^5.3.0:
  version "5.3.0"
  resolved "https://registry.yarnpkg.com/react-router-dom/-/react-router-dom-5.3.0.tgz#da1bfb535a0e89a712a93b97dd76f47ad1f32363"
  integrity sha512-ObVBLjUZsphUUMVycibxgMdh5jJ1e3o+KpAZBVeHcNQZ4W+uUGGWsokurzlF4YOldQYRQL4y6yFRWM4m3svmuQ==
  dependencies:
    "@babel/runtime" "^7.12.13"
    history "^4.9.0"
    loose-envify "^1.3.1"
    prop-types "^15.6.2"
    react-router "5.2.1"
    tiny-invariant "^1.0.2"
    tiny-warning "^1.0.0"

react-router@5.2.1:
  version "5.2.1"
  resolved "https://registry.yarnpkg.com/react-router/-/react-router-5.2.1.tgz#4d2e4e9d5ae9425091845b8dbc6d9d276239774d"
  integrity sha512-lIboRiOtDLFdg1VTemMwud9vRVuOCZmUIT/7lUoZiSpPODiiH1UQlfXy+vPLC/7IWdFYnhRwAyNqA/+I7wnvKQ==
  dependencies:
    "@babel/runtime" "^7.12.13"
    history "^4.9.0"
    hoist-non-react-statics "^3.1.0"
    loose-envify "^1.3.1"
    mini-create-react-context "^0.4.0"
    path-to-regexp "^1.7.0"
    prop-types "^15.6.2"
    react-is "^16.6.0"
    tiny-invariant "^1.0.2"
    tiny-warning "^1.0.0"

react-side-effect@^2.1.0:
  version "2.1.1"
  resolved "https://registry.yarnpkg.com/react-side-effect/-/react-side-effect-2.1.1.tgz#66c5701c3e7560ab4822a4ee2742dee215d72eb3"
  integrity sha512-2FoTQzRNTncBVtnzxFOk2mCpcfxQpenBMbk5kSVBg5UcPqV9fRbgY2zhb7GTWWOlpFmAxhClBDlIq8Rsubz1yQ==

react-table@^7.7.0:
  version "7.7.0"
  resolved "https://registry.yarnpkg.com/react-table/-/react-table-7.7.0.tgz#e2ce14d7fe3a559f7444e9ecfe8231ea8373f912"
  integrity sha512-jBlj70iBwOTvvImsU9t01LjFjy4sXEtclBovl3mTiqjz23Reu0DKnRza4zlLtOPACx6j2/7MrQIthIK1Wi+LIA==

react-textarea-autosize@^8.3.2:
  version "8.3.3"
  resolved "https://registry.yarnpkg.com/react-textarea-autosize/-/react-textarea-autosize-8.3.3.tgz#f70913945369da453fd554c168f6baacd1fa04d8"
  integrity sha512-2XlHXK2TDxS6vbQaoPbMOfQ8GK7+irc2fVK6QFIcC8GOnH3zI/v481n+j1L0WaPVvKxwesnY93fEfH++sus2rQ==
  dependencies:
    "@babel/runtime" "^7.10.2"
    use-composed-ref "^1.0.0"
    use-latest "^1.0.0"

redux@^4.0.0, redux@^4.0.4, redux@^4.1.1:
  version "4.1.2"
  resolved "https://registry.yarnpkg.com/redux/-/redux-4.1.2.tgz#140f35426d99bb4729af760afcf79eaaac407104"
  integrity sha512-SH8PglcebESbd/shgf6mii6EIoRM0zrQyjcuQ+ojmfxjTtE0z9Y8pa62iA/OJ58qjP6j27uyW4kUF4jl/jd6sw==
  dependencies:
    "@babel/runtime" "^7.9.2"

regenerator-runtime@^0.13.4:
  version "0.13.9"
  resolved "https://registry.yarnpkg.com/regenerator-runtime/-/regenerator-runtime-0.13.9.tgz#8925742a98ffd90814988d7566ad30ca3b263b52"
  integrity sha512-p3VT+cOEgxFsRRA9X4lkI1E+k2/CtnKtU4gcxyaCUreilL/vqI6CdZ3wxVUx3UOUg+gnUOQQcRI7BmSI656MYA==

resolve-pathname@^3.0.0:
  version "3.0.0"
  resolved "https://registry.yarnpkg.com/resolve-pathname/-/resolve-pathname-3.0.0.tgz#99d02224d3cf263689becbb393bc560313025dcd"
  integrity sha512-C7rARubxI8bXFNB/hqcp/4iUeIXJhJZvFPFPiSPRnhU5UPxzMFIl+2E6yY6c4k9giDJAhtV+enfA+G89N6Csng==

simplebar-react@^2.3.6:
  version "2.3.6"
  resolved "https://registry.yarnpkg.com/simplebar-react/-/simplebar-react-2.3.6.tgz#27945a80b221caae8f241155cdba1bb6c201ebff"
  integrity sha512-Igm/MRdt+LQ8edTTzjRoaATfXPPMByuUsVvHQHrkX7SH4jmvL85VshtOVcXFrOBspv9vqQtnIrOq/j9VmRSNDQ==
  dependencies:
    prop-types "^15.6.1"
    simplebar "^5.3.6"

simplebar@^5.3.6:
  version "5.3.6"
  resolved "https://registry.yarnpkg.com/simplebar/-/simplebar-5.3.6.tgz#d9383576a09a6fd09e19543f8e9906a3e87c3896"
  integrity sha512-FJUMbV+hNDd/m+1/fvD41TXKd5mSdlI5zgBygkaQIV3SffNbcLhSbJT6ufTs8ZNRLJ6i+qc/KCFMqWmvlGWMhA==
  dependencies:
    "@juggle/resize-observer" "^3.3.1"
    can-use-dom "^0.1.0"
    core-js "^3.0.1"
    lodash.debounce "^4.0.8"
    lodash.memoize "^4.1.2"
    lodash.throttle "^4.1.1"

stylis@4.0.13:
  version "4.0.13"
  resolved "https://registry.yarnpkg.com/stylis/-/stylis-4.0.13.tgz#f5db332e376d13cc84ecfe5dace9a2a51d954c91"
  integrity sha512-xGPXiFVl4YED9Jh7Euv2V220mriG9u4B2TA6Ybjc1catrstKD2PpIdU3U0RKpkVBC2EhmL/F0sPCr9vrFTNRag==

tiny-invariant@^1.0.2, tiny-invariant@^1.0.6:
  version "1.2.0"
  resolved "https://registry.yarnpkg.com/tiny-invariant/-/tiny-invariant-1.2.0.tgz#a1141f86b672a9148c72e978a19a73b9b94a15a9"
  integrity sha512-1Uhn/aqw5C6RI4KejVeTg6mIS7IqxnLJ8Mv2tV5rTc0qWobay7pDUz6Wi392Cnc8ak1H0F2cjoRzb2/AW4+Fvg==

tiny-warning@^1.0.0, tiny-warning@^1.0.3:
  version "1.0.3"
  resolved "https://registry.yarnpkg.com/tiny-warning/-/tiny-warning-1.0.3.tgz#94a30db453df4c643d0fd566060d60a875d84754"
  integrity sha512-lBN9zLN/oAf68o3zNXYrdCt1kP8WsiGW8Oo2ka41b2IM5JL/S1CTyX1rW0mb/zSuJun0ZUrDxx4sqvYS2FWzPA==

tslib@^2.0.3:
  version "2.3.1"
  resolved "https://registry.yarnpkg.com/tslib/-/tslib-2.3.1.tgz#e8a335add5ceae51aa261d32a490158ef042ef01"
  integrity sha512-77EbyPPpMz+FRFRuAFlWMtmgUWGe9UOG2Z25NqCwiIjRhOf5iKGuzSe5P2w1laq+FkRy4p+PCuVkJSGkzTEKVw==

use-composed-ref@^1.0.0:
  version "1.2.1"
  resolved "https://registry.yarnpkg.com/use-composed-ref/-/use-composed-ref-1.2.1.tgz#9bdcb5ccd894289105da2325e1210079f56bf849"
  integrity sha512-6+X1FLlIcjvFMAeAD/hcxDT8tmyrWnbSPMU0EnxQuDLIxokuFzWliXBiYZuGIx+mrAMLBw0WFfCkaPw8ebzAhw==

use-isomorphic-layout-effect@^1.0.0:
  version "1.1.1"
  resolved "https://registry.yarnpkg.com/use-isomorphic-layout-effect/-/use-isomorphic-layout-effect-1.1.1.tgz#7bb6589170cd2987a152042f9084f9effb75c225"
  integrity sha512-L7Evj8FGcwo/wpbv/qvSfrkHFtOpCzvM5yl2KVyDJoylVuSvzphiiasmjgQPttIGBAy2WKiBNR98q8w7PiNgKQ==

use-latest@^1.0.0:
  version "1.2.0"
  resolved "https://registry.yarnpkg.com/use-latest/-/use-latest-1.2.0.tgz#a44f6572b8288e0972ec411bdd0840ada366f232"
  integrity sha512-d2TEuG6nSLKQLAfW3By8mKr8HurOlTkul0sOpxbClIv4SQ4iOd7BYr7VIzdbktUCnv7dua/60xzd8igMU6jmyw==
  dependencies:
    use-isomorphic-layout-effect "^1.0.0"

use-memo-one@^1.1.1:
  version "1.1.2"
  resolved "https://registry.yarnpkg.com/use-memo-one/-/use-memo-one-1.1.2.tgz#0c8203a329f76e040047a35a1197defe342fab20"
  integrity sha512-u2qFKtxLsia/r8qG0ZKkbytbztzRb317XCkT7yP8wxL0tZ/CzK2G+WWie5vWvpyeP7+YoPIwbJoIHJ4Ba4k0oQ==

uuid@^8.3.2:
  version "8.3.2"
  resolved "https://registry.yarnpkg.com/uuid/-/uuid-8.3.2.tgz#80d5b5ced271bb9af6c445f21a1a04c606cefbe2"
  integrity sha512-+NYs2QeMWy+GWFOEm9xnn6HCDp0l7QBD7ml8zLUmJ+93Q5NF0NocErnwkTkXVFNiX3/fpC6afS8Dhb/gz7R7eg==

value-equal@^1.0.1:
  version "1.0.1"
  resolved "https://registry.yarnpkg.com/value-equal/-/value-equal-1.0.1.tgz#1e0b794c734c5c0cade179c437d356d931a34d6c"
  integrity sha512-NOJ6JZCAWr0zlxZt+xqCHNTEKOsrks2HQd4MqhP1qy4z1SkbEP467eNx6TgDKXMvUOb+OENfJCZwM+16n7fRfw==

warning@^4.0.2:
  version "4.0.3"
  resolved "https://registry.yarnpkg.com/warning/-/warning-4.0.3.tgz#16e9e077eb8a86d6af7d64aa1e05fd85b4678ca3"
  integrity sha512-rpJyN222KWIvHJ/F53XSZv0Zl/accqHR8et1kpaMTD/fLCRxtV8iX8czMzY7sVZupTI3zcUTg8eycS2kNF9l6w==
  dependencies:
    loose-envify "^1.0.0"
