# THIS IS AN AUTOGENERATED FILE. DO NOT EDIT THIS FILE DIRECTLY.
# yarn lockfile v1


"@babel/runtime-corejs2@^7.14.8":
  version "7.16.3"
  resolved "https://registry.npmjs.org/@babel/runtime-corejs2/-/runtime-corejs2-7.16.3.tgz"
  integrity sha512-VrmNH31CEUoR7kIel005qFMVUJpJm1VxfM7YUzVVc2jrxHCi/I6lBEJuqAcP9u9nEzmTD2RnSPhzfdupcSbnPQ==
  dependencies:
    core-js "^2.6.5"
    regenerator-runtime "^0.13.4"

"@leemonade/rjsf-core@^3.0.0":
  version "3.2.1"
  resolved "https://registry.yarnpkg.com/@leemonade/rjsf-core/-/rjsf-core-3.2.1.tgz#830c25e0d2b780ae4622e7b5405b6f154aa01b71"
  integrity sha512-uQT1zsHrQ0gAMGqwmCoKNLxWE5k66IR50UGRSgwZ78d3uQvGUEMrCiL7NpOFGSGsKkjS7KcnqXOy0tTmE4d2Uw==
  dependencies:
    "@types/json-schema" "^7.0.7"
    ajv "^6.7.0"
    core-js-pure "^3.6.5"
    json-schema-merge-allof "^0.6.0"
    jsonpointer "^5.0.0"
    lodash "^4.17.15"
    nanoid "^3.1.23"
    prop-types "^15.7.2"
    react-is "^16.9.0"

"@rjsf/core@^3.2.1":
  version "3.2.1"
  resolved "https://registry.yarnpkg.com/@rjsf/core/-/core-3.2.1.tgz#8a7b24c9a6f01f0ecb093fdfc777172c12b1b009"
  integrity sha512-dk8ihvxFbcuIwU7G+HiJbFgwyIvaumPt5g5zfnuC26mwTUPlaDGFXKK2yITp8tJ3+hcwS5zEXtAN9wUkfuM4jA==
  dependencies:
    "@types/json-schema" "^7.0.7"
    ajv "^6.7.0"
    core-js-pure "^3.6.5"
    json-schema-merge-allof "^0.6.0"
    jsonpointer "^5.0.0"
    lodash "^4.17.15"
    nanoid "^3.1.23"
    prop-types "^15.7.2"
    react-is "^16.9.0"

"@types/json-schema@^7.0.7":
  version "7.0.9"
  resolved "https://registry.npmjs.org/@types/json-schema/-/json-schema-7.0.9.tgz"
  integrity sha512-qcUXuemtEu+E5wZSJHNxUXeCZhAfXKQ41D+duX+VYPde7xyEVZci+/oXKJL13tnRs9lR2pr4fod59GT6/X1/yQ==

ajv@^6.7.0:
  version "6.12.6"
  resolved "https://registry.npmjs.org/ajv/-/ajv-6.12.6.tgz"
  integrity sha512-j3fVLgvTo527anyYyJOGTYJbG+vnnQYvE0m5mmkc1TK+nxAppkCLMIL0aZ4dblVCNoGShhm+kzE4ZUykBoMg4g==
  dependencies:
    fast-deep-equal "^3.1.1"
    fast-json-stable-stringify "^2.0.0"
    json-schema-traverse "^0.4.1"
    uri-js "^4.2.2"

brackets2dots@^1.1.0:
  version "1.1.0"
  resolved "https://registry.npmjs.org/brackets2dots/-/brackets2dots-1.1.0.tgz"
  integrity sha1-Pz1AN1/GYM4P0AT6J9Z7NPlGmsM=

compute-gcd@^1.2.1:
  version "1.2.1"
  resolved "https://registry.npmjs.org/compute-gcd/-/compute-gcd-1.2.1.tgz"
  integrity sha512-TwMbxBNz0l71+8Sc4czv13h4kEqnchV9igQZBi6QUaz09dnz13juGnnaWWJTRsP3brxOoxeB4SA2WELLw1hCtg==
  dependencies:
    validate.io-array "^1.0.3"
    validate.io-function "^1.0.2"
    validate.io-integer-array "^1.0.0"

compute-lcm@^1.1.0:
  version "1.1.2"
  resolved "https://registry.npmjs.org/compute-lcm/-/compute-lcm-1.1.2.tgz"
  integrity sha512-OFNPdQAXnQhDSKioX8/XYT6sdUlXwpeMjfd6ApxMJfyZ4GxmLR1xvMERctlYhlHwIiz6CSpBc2+qYKjHGZw4TQ==
  dependencies:
    compute-gcd "^1.2.1"
    validate.io-array "^1.0.3"
    validate.io-function "^1.0.2"
    validate.io-integer-array "^1.0.0"

core-js-pure@^3.6.5:
  version "3.19.3"
  resolved "https://registry.npmjs.org/core-js-pure/-/core-js-pure-3.19.3.tgz"
  integrity sha512-N3JruInmCyt7EJj5mAq3csCgGYgiSqu7p7TQp2KOztr180/OAIxyIvL1FCjzgmQk/t3Yniua50Fsak7FShI9lA==

core-js@^2.6.5:
  version "2.6.12"
  resolved "https://registry.npmjs.org/core-js/-/core-js-2.6.12.tgz"
  integrity sha512-Kb2wC0fvsWfQrgk8HU5lW6U/Lcs8+9aaYcy4ZFc6DDlo4nZ7n70dEgE5rtR0oG6ufKDUnrwfWL1mXR5ljDatrQ==

curry2@^1.0.0:
  version "1.0.3"
  resolved "https://registry.npmjs.org/curry2/-/curry2-1.0.3.tgz"
  integrity sha1-OBkdVfEGC/6kfKCACThbuHj2YS8=
  dependencies:
    fast-bind "^1.0.0"

debug@^2.5.2:
  version "2.6.9"
  resolved "https://registry.npmjs.org/debug/-/debug-2.6.9.tgz"
  integrity sha512-bC7ElrdJaJnPbAP+1EotYvqZsb3ecl5wi6Bfi6BJTUcNowp6cvspg0jXznRTKDjm/E7AdgFBVeAPVMNcKGsHMA==
  dependencies:
    ms "2.0.0"

deep-equal@1.0.1:
  version "1.0.1"
  resolved "https://registry.npmjs.org/deep-equal/-/deep-equal-1.0.1.tgz"
  integrity sha1-9dJgKStmDghO/0zbyfCK0yR0SLU=

deepcopy@^2.0.0:
  version "2.1.0"
  resolved "https://registry.npmjs.org/deepcopy/-/deepcopy-2.1.0.tgz"
  integrity sha512-8cZeTb1ZKC3bdSCP6XOM1IsTczIO73fdqtwa2B0N15eAz7gmyhQo+mc5gnFuulsgN3vIQYmTgbmQVKalH1dKvQ==
  dependencies:
    type-detect "^4.0.8"

dotsplit.js@^1.0.3:
  version "1.1.0"
  resolved "https://registry.npmjs.org/dotsplit.js/-/dotsplit.js-1.1.0.tgz"
  integrity sha1-JaI56r6SKpH/pdKhctbJ+4JFHgI=

fast-bind@^1.0.0:
  version "1.0.0"
  resolved "https://registry.npmjs.org/fast-bind/-/fast-bind-1.0.0.tgz"
  integrity sha1-f6llLLMyX1zR4lLWy08WDeGnbnU=

fast-deep-equal@^3.1.1:
  version "3.1.3"
  resolved "https://registry.npmjs.org/fast-deep-equal/-/fast-deep-equal-3.1.3.tgz"
  integrity sha512-f3qQ9oQy9j2AhBe/H9VC91wLmKBCCU/gDOnKNAYG5hswO7BLKj09Hc5HYNz9cGI++xlpDCIgDaitVs03ATR84Q==

fast-json-stable-stringify@^2.0.0:
  version "2.1.0"
  resolved "https://registry.npmjs.org/fast-json-stable-stringify/-/fast-json-stable-stringify-2.1.0.tgz"
  integrity sha512-lhd/wF+Lk98HZoTCtlVraHtfh5XYijIjalXck7saUtuanSDyLMxnHhSXEDJqHxD7msR8D0uCmqlkwjCV8xvwHw==

"js-tokens@^3.0.0 || ^4.0.0":
  version "4.0.0"
  resolved "https://registry.npmjs.org/js-tokens/-/js-tokens-4.0.0.tgz"
  integrity sha512-RdJUflcE3cUzKiMqQgsCu06FPu9UdIJO0beYbPhHN4k6apgJtifcoCtT9bcxOpYBtpD2kCM6Sbzg4CausW/PKQ==

json-rules-engine-simplified@^0.1.17:
  version "0.1.17"
  resolved "https://registry.npmjs.org/json-rules-engine-simplified/-/json-rules-engine-simplified-0.1.17.tgz"
  integrity sha512-02Di/9NtC0vBvV/cnWCybQmNNWuXDaxDbRszIGDiwc4nJasCVVz2YsTCR9VCmFsovh/GBwvj5NoQjGN/FiZ04A==
  dependencies:
    deep-equal "1.0.1"
    predicate "1.2.0"
    selectn "1.1.2"

json-schema-compare@^0.2.2:
  version "0.2.2"
  resolved "https://registry.npmjs.org/json-schema-compare/-/json-schema-compare-0.2.2.tgz"
  integrity sha512-c4WYmDKyJXhs7WWvAWm3uIYnfyWFoIp+JEoX34rctVvEkMYCPGhXtvmFFXiffBbxfZsvQ0RNnV5H7GvDF5HCqQ==
  dependencies:
    lodash "^4.17.4"

json-schema-merge-allof@^0.6.0:
  version "0.6.0"
  resolved "https://registry.npmjs.org/json-schema-merge-allof/-/json-schema-merge-allof-0.6.0.tgz"
  integrity sha512-LEw4VMQVRceOPLuGRWcxW5orTTiR9ZAtqTAe4rQUjNADTeR81bezBVFa0MqIwp0YmHIM1KkhSjZM7o+IQhaPbQ==
  dependencies:
    compute-lcm "^1.1.0"
    json-schema-compare "^0.2.2"
    lodash "^4.17.4"

json-schema-traverse@^0.4.1:
  version "0.4.1"
  resolved "https://registry.npmjs.org/json-schema-traverse/-/json-schema-traverse-0.4.1.tgz"
  integrity sha512-xbbCH5dCYU5T8LcEhhuh7HJ88HXuW3qsI3Y0zOZFKfZEHcpWiHU/Jxzk629Brsab/mMiHQti9wMP+845RPe3Vg==

jsonpointer@^5.0.0:
  version "5.0.0"
  resolved "https://registry.npmjs.org/jsonpointer/-/jsonpointer-5.0.0.tgz"
  integrity sha512-PNYZIdMjVIvVgDSYKTT63Y+KZ6IZvGRNNWcxwD+GNnUz1MKPfv30J8ueCjdwcN0nDx2SlshgyB7Oy0epAzVRRg==

lodash@^4.17.15, lodash@^4.17.4:
  version "4.17.21"
  resolved "https://registry.npmjs.org/lodash/-/lodash-4.17.21.tgz"
  integrity sha512-v2kDEe57lecTulaDIuNTPy3Ry4gLGJ6Z1O3vE1krgXZNrsQ+LFTGHVxVjcXPs17LhbZVGedAJv8XZ1tvj5FvSg==

loose-envify@^1.4.0:
  version "1.4.0"
  resolved "https://registry.npmjs.org/loose-envify/-/loose-envify-1.4.0.tgz"
  integrity sha512-lyuxPGr/Wfhrlem2CL/UcnUc1zcqKAImBDzukY7Y5F/yQiNdko6+fRLevlw1HgMySw7f611UIY408EtxRSoK3Q==
  dependencies:
    js-tokens "^3.0.0 || ^4.0.0"

ms@2.0.0:
  version "2.0.0"
  resolved "https://registry.npmjs.org/ms/-/ms-2.0.0.tgz"
  integrity sha1-VgiurfwAvmwpAd9fmGF4jeDVl8g=

nanoid@^3.1.23:
  version "3.1.30"
  resolved "https://registry.npmjs.org/nanoid/-/nanoid-3.1.30.tgz"
  integrity sha512-zJpuPDwOv8D2zq2WRoMe1HsfZthVewpel9CAvTfc/2mBD1uUT/agc5f7GHGWXlYkFvi1mVxe4IjvP2HNrop7nQ==

object-assign@^4.1.1:
  version "4.1.1"
  resolved "https://registry.npmjs.org/object-assign/-/object-assign-4.1.1.tgz"
  integrity sha1-IQmtx5ZYh8/AXLvUQsrIv7s2CGM=

predicate@1.2.0:
  version "1.2.0"
  resolved "https://registry.npmjs.org/predicate/-/predicate-1.2.0.tgz"
  integrity sha1-1zZTboKYCKLgCuUP0J/UEC1kJU4=

prop-types@^15.7.2:
  version "15.7.2"
  resolved "https://registry.npmjs.org/prop-types/-/prop-types-15.7.2.tgz"
  integrity sha512-8QQikdH7//R2vurIJSutZ1smHYTcLpRWEOlHnzcWHmBYrOGUysKwSsrC89BCiFj3CbrfJ/nXFdJepOVrY1GCHQ==
  dependencies:
    loose-envify "^1.4.0"
    object-assign "^4.1.1"
    react-is "^16.8.1"

punycode@^2.1.0:
  version "2.1.1"
  resolved "https://registry.npmjs.org/punycode/-/punycode-2.1.1.tgz"
  integrity sha512-XRsRjdf+j5ml+y/6GKHPZbrF/8p2Yga0JPtdqTIY2Xe5ohJPD9saDJJLPvp9+NSBprVvevdXZybnj2cv8OEd0A==

react-is@^16.8.1, react-is@^16.9.0:
  version "16.13.1"
  resolved "https://registry.npmjs.org/react-is/-/react-is-16.13.1.tgz"
  integrity sha512-24e6ynE2H+OKt4kqsOvNd8kBpV65zoxbA4BVsEOB3ARVWQki/DHzaUoC5KuON/BiccDaCCTZBuOcfZs70kR8bQ==

regenerator-runtime@^0.13.4:
  version "0.13.9"
  resolved "https://registry.npmjs.org/regenerator-runtime/-/regenerator-runtime-0.13.9.tgz"
  integrity sha512-p3VT+cOEgxFsRRA9X4lkI1E+k2/CtnKtU4gcxyaCUreilL/vqI6CdZ3wxVUx3UOUg+gnUOQQcRI7BmSI656MYA==

rjsf-conditionals@^1.1.4:
  version "1.2.0"
  resolved "https://registry.npmjs.org/rjsf-conditionals/-/rjsf-conditionals-1.2.0.tgz"
  integrity sha512-rIiK0EHvm0Fc7oBcSjaA1VKiSde8knVRws5zMu42rp83nNVIk2V/xVRHZEawFqXM3uuReCHbONRCUGhiotJBuw==
  dependencies:
    deepcopy "^2.0.0"
    selectn "^1.1.2"

selectn@1.1.2, selectn@^1.1.2:
  version "1.1.2"
  resolved "https://registry.npmjs.org/selectn/-/selectn-1.1.2.tgz"
  integrity sha1-/IrNkd8/RaywGJHGdzrlKYUdaxc=
  dependencies:
    brackets2dots "^1.1.0"
    curry2 "^1.0.0"
    debug "^2.5.2"
    dotsplit.js "^1.0.3"

type-detect@^4.0.8:
  version "4.0.8"
  resolved "https://registry.npmjs.org/type-detect/-/type-detect-4.0.8.tgz"
  integrity sha512-0fr/mIH1dlO+x7TlcMy+bIDqKPsw/70tVyeHW787goQjhmqaZe10uwLujubK9q9Lg6Fiho1KUKDYz0Z7k7g5/g==

uri-js@^4.2.2:
  version "4.4.1"
  resolved "https://registry.npmjs.org/uri-js/-/uri-js-4.4.1.tgz"
  integrity sha512-7rKUyy33Q1yc98pQ1DAmLtwX109F7TIfWlW1Ydo8Wl1ii1SeHieeh0HHfPeL2fMXK6z0s8ecKs9frCuLJvndBg==
  dependencies:
    punycode "^2.1.0"

validate.io-array@^1.0.3:
  version "1.0.6"
  resolved "https://registry.npmjs.org/validate.io-array/-/validate.io-array-1.0.6.tgz"
  integrity sha1-W1osr9j4uFq7L4hroVPy2Tond00=

validate.io-function@^1.0.2:
  version "1.0.2"
  resolved "https://registry.npmjs.org/validate.io-function/-/validate.io-function-1.0.2.tgz"
  integrity sha1-NDoZgC7TsZaCaceA5VjpNBHAutc=

validate.io-integer-array@^1.0.0:
  version "1.0.0"
  resolved "https://registry.npmjs.org/validate.io-integer-array/-/validate.io-integer-array-1.0.0.tgz"
  integrity sha1-LKveAzKTpry+Bj/q/pHq9GsToIk=
  dependencies:
    validate.io-array "^1.0.3"
    validate.io-integer "^1.0.4"

validate.io-integer@^1.0.4:
  version "1.0.5"
  resolved "https://registry.npmjs.org/validate.io-integer/-/validate.io-integer-1.0.5.tgz"
  integrity sha1-FoSWSAuVviJH7EQ/IjPeT4mHgGg=
  dependencies:
    validate.io-number "^1.0.3"

validate.io-number@^1.0.3:
  version "1.0.3"
  resolved "https://registry.npmjs.org/validate.io-number/-/validate.io-number-1.0.3.tgz"
  integrity sha1-9j/+2iSL8opnqNSODjtGGhZluvg=
